
Microsoft Visual Studio Solution File, Format Version 12.00
# Visual Studio Version 17
VisualStudioVersion = 17.3.32929.385
MinimumVisualStudioVersion = 10.0.40219.1
Project("{FAE04EC0-301F-11D3-BF4B-00C04F79EFBC}") = "VTS_VideoToArtMesh", "VTS_VideoToArtMesh\VTS_VideoToArtMesh.csproj", "{29614DC9-7A61-4476-942B-06DBB52D3981}"
EndProject
Global
	GlobalSection(SolutionConfigurationPlatforms) = preSolution
		Debug|Any CPU = Debug|Any CPU
		Release|Any CPU = Release|Any CPU
	EndGlobalSection
	GlobalSection(ProjectConfigurationPlatforms) = postSolution
		{29614DC9-7A61-4476-942B-06DBB52D3981}.Debug|Any CPU.ActiveCfg = Debug|Any CPU
		{29614DC9-7A61-4476-942B-06DBB52D3981}.Debug|Any CPU.Build.0 = Debug|Any CPU
		{29614DC9-7A61-4476-942B-06DBB52D3981}.Release|Any CPU.ActiveCfg = Release|Any CPU
		{29614DC9-7A61-4476-942B-06DBB52D3981}.Release|Any CPU.Build.0 = Release|Any CPU
	EndGlobalSection
	GlobalSection(SolutionProperties) = preSolution
		HideSolutionNode = FALSE
	EndGlobalSection
	GlobalSection(ExtensibilityGlobals) = postSolution
		SolutionGuid = {65F518B9-59F6-4872-B79A-3877545DC143}
	EndGlobalSection
EndGlobal
